
Microsoft Visual Studio Solution File, Format Version 12.00
# Visual Studio Version 17
VisualStudioVersion = 17.4.33110.190
MinimumVisualStudioVersion = 10.0.40219.1
Project("{9A19103F-16F7-4668-BE54-9A1E7A4F7556}") = "MapleNecrocer", "MapleNecrocer\MapleNecrocer.csproj", "{26F139AC-ACFE-411F-9A16-0AA1B986714D}"
EndProject
Project("{9A19103F-16F7-4668-BE54-9A1E7A4F7556}") = "WzComparerR2.Common", "WzComparerR2.Common\WzComparerR2.Common.csproj", "{A8CD1D1B-EFCE-4398-B79C-27B5A70D5A67}"
EndProject
Project("{FAE04EC0-301F-11D3-BF4B-00C04F79EFBC}") = "WzComparerR2.WzLib", "WzComparerR2.WzLib\WzComparerR2.WzLib.csproj", "{94604397-1673-4DD6-B937-C2AA603C5E7D}"
EndProject
Project("{FAE04EC0-301F-11D3-BF4B-00C04F79EFBC}") = "WzComparerR2.PluginBase", "WzComparerR2.PluginBase\WzComparerR2.PluginBase.csproj", "{29D42561-B432-434D-88FD-166C1EFD3650}"
EndProject
Global
	GlobalSection(SolutionConfigurationPlatforms) = preSolution
		Debug|Any CPU = Debug|Any CPU
		Debug|x64 = Debug|x64
		Release|Any CPU = Release|Any CPU
		Release|x64 = Release|x64
	EndGlobalSection
	GlobalSection(ProjectConfigurationPlatforms) = postSolution
		{26F139AC-ACFE-411F-9A16-0AA1B986714D}.Debug|Any CPU.ActiveCfg = Debug|Any CPU
		{26F139AC-ACFE-411F-9A16-0AA1B986714D}.Debug|Any CPU.Build.0 = Debug|Any CPU
		{26F139AC-ACFE-411F-9A16-0AA1B986714D}.Debug|x64.ActiveCfg = Debug|x64
		{26F139AC-ACFE-411F-9A16-0AA1B986714D}.Debug|x64.Build.0 = Debug|x64
		{26F139AC-ACFE-411F-9A16-0AA1B986714D}.Release|Any CPU.ActiveCfg = Release|Any CPU
		{26F139AC-ACFE-411F-9A16-0AA1B986714D}.Release|Any CPU.Build.0 = Release|Any CPU
		{26F139AC-ACFE-411F-9A16-0AA1B986714D}.Release|x64.ActiveCfg = Release|x64
		{26F139AC-ACFE-411F-9A16-0AA1B986714D}.Release|x64.Build.0 = Release|x64
		{A8CD1D1B-EFCE-4398-B79C-27B5A70D5A67}.Debug|Any CPU.ActiveCfg = Debug|Any CPU
		{A8CD1D1B-EFCE-4398-B79C-27B5A70D5A67}.Debug|Any CPU.Build.0 = Debug|Any CPU
		{A8CD1D1B-EFCE-4398-B79C-27B5A70D5A67}.Debug|x64.ActiveCfg = Debug|Any CPU
		{A8CD1D1B-EFCE-4398-B79C-27B5A70D5A67}.Debug|x64.Build.0 = Debug|Any CPU
		{A8CD1D1B-EFCE-4398-B79C-27B5A70D5A67}.Release|Any CPU.ActiveCfg = Release|Any CPU
		{A8CD1D1B-EFCE-4398-B79C-27B5A70D5A67}.Release|Any CPU.Build.0 = Release|Any CPU
		{A8CD1D1B-EFCE-4398-B79C-27B5A70D5A67}.Release|x64.ActiveCfg = Release|Any CPU
		{A8CD1D1B-EFCE-4398-B79C-27B5A70D5A67}.Release|x64.Build.0 = Release|Any CPU
		{94604397-1673-4DD6-B937-C2AA603C5E7D}.Debug|Any CPU.ActiveCfg = Debug|Any CPU
		{94604397-1673-4DD6-B937-C2AA603C5E7D}.Debug|Any CPU.Build.0 = Debug|Any CPU
		{94604397-1673-4DD6-B937-C2AA603C5E7D}.Debug|x64.ActiveCfg = Debug|Any CPU
		{94604397-1673-4DD6-B937-C2AA603C5E7D}.Debug|x64.Build.0 = Debug|Any CPU
		{94604397-1673-4DD6-B937-C2AA603C5E7D}.Release|Any CPU.ActiveCfg = Release|Any CPU
		{94604397-1673-4DD6-B937-C2AA603C5E7D}.Release|Any CPU.Build.0 = Release|Any CPU
		{94604397-1673-4DD6-B937-C2AA603C5E7D}.Release|x64.ActiveCfg = Release|Any CPU
		{94604397-1673-4DD6-B937-C2AA603C5E7D}.Release|x64.Build.0 = Release|Any CPU
		{29D42561-B432-434D-88FD-166C1EFD3650}.Debug|Any CPU.ActiveCfg = Debug|Any CPU
		{29D42561-B432-434D-88FD-166C1EFD3650}.Debug|Any CPU.Build.0 = Debug|Any CPU
		{29D42561-B432-434D-88FD-166C1EFD3650}.Debug|x64.ActiveCfg = Debug|Any CPU
		{29D42561-B432-434D-88FD-166C1EFD3650}.Debug|x64.Build.0 = Debug|Any CPU
		{29D42561-B432-434D-88FD-166C1EFD3650}.Release|Any CPU.ActiveCfg = Release|Any CPU
		{29D42561-B432-434D-88FD-166C1EFD3650}.Release|Any CPU.Build.0 = Release|Any CPU
		{29D42561-B432-434D-88FD-166C1EFD3650}.Release|x64.ActiveCfg = Release|Any CPU
		{29D42561-B432-434D-88FD-166C1EFD3650}.Release|x64.Build.0 = Release|Any CPU
	EndGlobalSection
	GlobalSection(SolutionProperties) = preSolution
		HideSolutionNode = FALSE
	EndGlobalSection
	GlobalSection(ExtensibilityGlobals) = postSolution
		SolutionGuid = {83BB50BB-1BB8-43A6-8C90-BAF2C24A0399}
	EndGlobalSection
EndGlobal
